// !$*UTF8*$!
{
	archiveVersion = 1;
	classes = {
	};
	objectVersion = 50;
	objects = {

/* Begin PBXBuildFile section */
		18E2BFEC222BB34E0009923B /* AppDelegate.swift in Sources */ = {isa = PBXBuildFile; fileRef = 18E2BFEB222BB34E0009923B /* AppDelegate.swift */; };
		18E2BFEE222BB34E0009923B /* FirstViewController.swift in Sources */ = {isa = PBXBuildFile; fileRef = 18E2BFED222BB34E0009923B /* FirstViewController.swift */; };
		18E2BFF0222BB34E0009923B /* SecondViewController.swift in Sources */ = {isa = PBXBuildFile; fileRef = 18E2BFEF222BB34E0009923B /* SecondViewController.swift */; };
		18E2BFF3222BB34E0009923B /* Main.storyboard in Resources */ = {isa = PBXBuildFile; fileRef = 18E2BFF1222BB34E0009923B /* Main.storyboard */; };
		18E2BFF5222BB3500009923B /* Assets.xcassets in Resources */ = {isa = PBXBuildFile; fileRef = 18E2BFF4222BB3500009923B /* Assets.xcassets */; };
		18E2BFF8222BB3500009923B /* LaunchScreen.storyboard in Resources */ = {isa = PBXBuildFile; fileRef = 18E2BFF6222BB3500009923B /* LaunchScreen.storyboard */; };
		18E2C003222BB3500009923B /* hackathon_v2Tests.swift in Sources */ = {isa = PBXBuildFile; fileRef = 18E2C002222BB3500009923B /* hackathon_v2Tests.swift */; };
		18E2C00E222BB3500009923B /* hackathon_v2UITests.swift in Sources */ = {isa = PBXBuildFile; fileRef = 18E2C00D222BB3500009923B /* hackathon_v2UITests.swift */; };
/* End PBXBuildFile section */

/* Begin PBXContainerItemProxy section */
		18E2BFFF222BB3500009923B /* PBXContainerItemProxy */ = {
			isa = PBXContainerItemProxy;
			containerPortal = 18E2BFE0222BB34E0009923B /* Project object */;
			proxyType = 1;
			remoteGlobalIDString = 18E2BFE7222BB34E0009923B;
			remoteInfo = "hackathon v2";
		};
		18E2C00A222BB3500009923B /* PBXContainerItemProxy */ = {
			isa = PBXContainerItemProxy;
			containerPortal = 18E2BFE0222BB34E0009923B /* Project object */;
			proxyType = 1;
			remoteGlobalIDString = 18E2BFE7222BB34E0009923B;
			remoteInfo = "hackathon v2";
		};
/* End PBXContainerItemProxy section */

/* Begin PBXFileReference section */
		18E2BFE8222BB34E0009923B /* hackathon v2.app */ = {isa = PBXFileReference; explicitFileType = wrapper.application; includeInIndex = 0; path = "hackathon v2.app"; sourceTree = BUILT_PRODUCTS_DIR; };
		18E2BFEB222BB34E0009923B /* AppDelegate.swift */ = {isa = PBXFileReference; lastKnownFileType = sourcecode.swift; path = AppDelegate.swift; sourceTree = "<group>"; };
		18E2BFED222BB34E0009923B /* FirstViewController.swift */ = {isa = PBXFileReference; lastKnownFileType = sourcecode.swift; path = FirstViewController.swift; sourceTree = "<group>"; };
		18E2BFEF222BB34E0009923B /* SecondViewController.swift */ = {isa = PBXFileReference; lastKnownFileType = sourcecode.swift; path = SecondViewController.swift; sourceTree = "<group>"; };
		18E2BFF2222BB34E0009923B /* Base */ = {isa = PBXFileReference; lastKnownFileType = file.storyboard; name = Base; path = Base.lproj/Main.storyboard; sourceTree = "<group>"; };
		18E2BFF4222BB3500009923B /* Assets.xcassets */ = {isa = PBXFileReference; lastKnownFileType = folder.assetcatalog; path = Assets.xcassets; sourceTree = "<group>"; };
		18E2BFF7222BB3500009923B /* Base */ = {isa = PBXFileReference; lastKnownFileType = file.storyboard; name = Base; path = Base.lproj/LaunchScreen.storyboard; sourceTree = "<group>"; };
		18E2BFF9222BB3500009923B /* Info.plist */ = {isa = PBXFileReference; lastKnownFileType = text.plist.xml; path = Info.plist; sourceTree = "<group>"; };
		18E2BFFE222BB3500009923B /* hackathon v2Tests.xctest */ = {isa = PBXFileReference; explicitFileType = wrapper.cfbundle; includeInIndex = 0; path = "hackathon v2Tests.xctest"; sourceTree = BUILT_PRODUCTS_DIR; };
		18E2C002222BB3500009923B /* hackathon_v2Tests.swift */ = {isa = PBXFileReference; lastKnownFileType = sourcecode.swift; path = hackathon_v2Tests.swift; sourceTree = "<group>"; };
		18E2C004222BB3500009923B /* Info.plist */ = {isa = PBXFileReference; lastKnownFileType = text.plist.xml; path = Info.plist; sourceTree = "<group>"; };
		18E2C009222BB3500009923B /* hackathon v2UITests.xctest */ = {isa = PBXFileReference; explicitFileType = wrapper.cfbundle; includeInIndex = 0; path = "hackathon v2UITests.xctest"; sourceTree = BUILT_PRODUCTS_DIR; };
		18E2C00D222BB3500009923B /* hackathon_v2UITests.swift */ = {isa = PBXFileReference; lastKnownFileType = sourcecode.swift; path = hackathon_v2UITests.swift; sourceTree = "<group>"; };
		18E2C00F222BB3500009923B /* Info.plist */ = {isa = PBXFileReference; lastKnownFileType = text.plist.xml; path = Info.plist; sourceTree = "<group>"; };
/* End PBXFileReference section */

/* Begin PBXFrameworksBuildPhase section */
		18E2BFE5222BB34E0009923B /* Frameworks */ = {
			isa = PBXFrameworksBuildPhase;
			buildActionMask = 2147483647;
			files = (
			);
			runOnlyForDeploymentPostprocessing = 0;
		};
		18E2BFFB222BB3500009923B /* Frameworks */ = {
			isa = PBXFrameworksBuildPhase;
			buildActionMask = 2147483647;
			files = (
			);
			runOnlyForDeploymentPostprocessing = 0;
		};
		18E2C006222BB3500009923B /* Frameworks */ = {
			isa = PBXFrameworksBuildPhase;
			buildActionMask = 2147483647;
			files = (
			);
			runOnlyForDeploymentPostprocessing = 0;
		};
/* End PBXFrameworksBuildPhase section */

/* Begin PBXGroup section */
		18E2BFDF222BB34E0009923B = {
			isa = PBXGroup;
			children = (
				18E2BFEA222BB34E0009923B /* hackathon v2 */,
				18E2C001222BB3500009923B /* hackathon v2Tests */,
				18E2C00C222BB3500009923B /* hackathon v2UITests */,
				18E2BFE9222BB34E0009923B /* Products */,
			);
			sourceTree = "<group>";
		};
		18E2BFE9222BB34E0009923B /* Products */ = {
			isa = PBXGroup;
			children = (
				18E2BFE8222BB34E0009923B /* hackathon v2.app */,
				18E2BFFE222BB3500009923B /* hackathon v2Tests.xctest */,
				18E2C009222BB3500009923B /* hackathon v2UITests.xctest */,
			);
			name = Products;
			sourceTree = "<group>";
		};
		18E2BFEA222BB34E0009923B /* hackathon v2 */ = {
			isa = PBXGroup;
			children = (
				18E2BFEB222BB34E0009923B /* AppDelegate.swift */,
				18E2BFED222BB34E0009923B /* FirstViewController.swift */,
				18E2BFEF222BB34E0009923B /* SecondViewController.swift */,
				18E2BFF1222BB34E0009923B /* Main.storyboard */,
				18E2BFF4222BB3500009923B /* Assets.xcassets */,
				18E2BFF6222BB3500009923B /* LaunchScreen.storyboard */,
				18E2BFF9222BB3500009923B /* Info.plist */,
			);
			path = "hackathon v2";
			sourceTree = "<group>";
		};
		18E2C001222BB3500009923B /* hackathon v2Tests */ = {
			isa = PBXGroup;
			children = (
				18E2C002222BB3500009923B /* hackathon_v2Tests.swift */,
				18E2C004222BB3500009923B /* Info.plist */,
			);
			path = "hackathon v2Tests";
			sourceTree = "<group>";
		};
		18E2C00C222BB3500009923B /* hackathon v2UITests */ = {
			isa = PBXGroup;
			children = (
				18E2C00D222BB3500009923B /* hackathon_v2UITests.swift */,
				18E2C00F222BB3500009923B /* Info.plist */,
			);
			path = "hackathon v2UITests";
			sourceTree = "<group>";
		};
/* End PBXGroup section */

/* Begin PBXNativeTarget section */
		18E2BFE7222BB34E0009923B /* hackathon v2 */ = {
			isa = PBXNativeTarget;
			buildConfigurationList = 18E2C012222BB3500009923B /* Build configuration list for PBXNativeTarget "hackathon v2" */;
			buildPhases = (
				18E2BFE4222BB34E0009923B /* Sources */,
				18E2BFE5222BB34E0009923B /* Frameworks */,
				18E2BFE6222BB34E0009923B /* Resources */,
			);
			buildRules = (
			);
			dependencies = (
			);
			name = "hackathon v2";
			productName = "hackathon v2";
			productReference = 18E2BFE8222BB34E0009923B /* hackathon v2.app */;
			productType = "com.apple.product-type.application";
		};
		18E2BFFD222BB3500009923B /* hackathon v2Tests */ = {
			isa = PBXNativeTarget;
			buildConfigurationList = 18E2C015222BB3500009923B /* Build configuration list for PBXNativeTarget "hackathon v2Tests" */;
			buildPhases = (
				18E2BFFA222BB3500009923B /* Sources */,
				18E2BFFB222BB3500009923B /* Frameworks */,
				18E2BFFC222BB3500009923B /* Resources */,
			);
			buildRules = (
			);
			dependencies = (
				18E2C000222BB3500009923B /* PBXTargetDependency */,
			);
			name = "hackathon v2Tests";
			productName = "hackathon v2Tests";
			productReference = 18E2BFFE222BB3500009923B /* hackathon v2Tests.xctest */;
			productType = "com.apple.product-type.bundle.unit-test";
		};
		18E2C008222BB3500009923B /* hackathon v2UITests */ = {
			isa = PBXNativeTarget;
			buildConfigurationList = 18E2C018222BB3500009923B /* Build configuration list for PBXNativeTarget "hackathon v2UITests" */;
			buildPhases = (
				18E2C005222BB3500009923B /* Sources */,
				18E2C006222BB3500009923B /* Frameworks */,
				18E2C007222BB3500009923B /* Resources */,
			);
			buildRules = (
			);
			dependencies = (
				18E2C00B222BB3500009923B /* PBXTargetDependency */,
			);
			name = "hackathon v2UITests";
			productName = "hackathon v2UITests";
			productReference = 18E2C009222BB3500009923B /* hackathon v2UITests.xctest */;
			productType = "com.apple.product-type.bundle.ui-testing";
		};
/* End PBXNativeTarget section */

/* Begin PBXProject section */
		18E2BFE0222BB34E0009923B /* Project object */ = {
			isa = PBXProject;
			attributes = {
				LastSwiftUpdateCheck = 1010;
				LastUpgradeCheck = 1010;
				ORGANIZATIONNAME = Meko_n1;
				TargetAttributes = {
					18E2BFE7222BB34E0009923B = {
						CreatedOnToolsVersion = 10.1;
					};
					18E2BFFD222BB3500009923B = {
						CreatedOnToolsVersion = 10.1;
						TestTargetID = 18E2BFE7222BB34E0009923B;
					};
					18E2C008222BB3500009923B = {
						CreatedOnToolsVersion = 10.1;
						TestTargetID = 18E2BFE7222BB34E0009923B;
					};
				};
			};
			buildConfigurationList = 18E2BFE3222BB34E0009923B /* Build configuration list for PBXProject "hackathon v2" */;
			compatibilityVersion = "Xcode 9.3";
			developmentRegion = en;
			hasScannedForEncodings = 0;
			knownRegions = (
				en,
				Base,
			);
			mainGroup = 18E2BFDF222BB34E0009923B;
			productRefGroup = 18E2BFE9222BB34E0009923B /* Products */;
			projectDirPath = "";
			projectRoot = "";
			targets = (
				18E2BFE7222BB34E0009923B /* hackathon v2 */,
				18E2BFFD222BB3500009923B /* hackathon v2Tests */,
				18E2C008222BB3500009923B /* hackathon v2UITests */,
			);
		};
/* End PBXProject section */

/* Begin PBXResourcesBuildPhase section */
		18E2BFE6222BB34E0009923B /* Resources */ = {
			isa = PBXResourcesBuildPhase;
			buildActionMask = 2147483647;
			files = (
				18E2BFF8222BB3500009923B /* LaunchScreen.storyboard in Resources */,
				18E2BFF5222BB3500009923B /* Assets.xcassets in Resources */,
				18E2BFF3222BB34E0009923B /* Main.storyboard in Resources */,
			);
			runOnlyForDeploymentPostprocessing = 0;
		};
		18E2BFFC222BB3500009923B /* Resources */ = {
			isa = PBXResourcesBuildPhase;
			buildActionMask = 2147483647;
			files = (
			);
			runOnlyForDeploymentPostprocessing = 0;
		};
		18E2C007222BB3500009923B /* Resources */ = {
			isa = PBXResourcesBuildPhase;
			buildActionMask = 2147483647;
			files = (
			);
			runOnlyForDeploymentPostprocessing = 0;
		};
/* End PBXResourcesBuildPhase section */

/* Begin PBXSourcesBuildPhase section */
		18E2BFE4222BB34E0009923B /* Sources */ = {
			isa = PBXSourcesBuildPhase;
			buildActionMask = 2147483647;
			files = (
				18E2BFF0222BB34E0009923B /* SecondViewController.swift in Sources */,
				18E2BFEC222BB34E0009923B /* AppDelegate.swift in Sources */,
				18E2BFEE222BB34E0009923B /* FirstViewController.swift in Sources */,
			);
			runOnlyForDeploymentPostprocessing = 0;
		};
		18E2BFFA222BB3500009923B /* Sources */ = {
			isa = PBXSourcesBuildPhase;
			buildActionMask = 2147483647;
			files = (
				18E2C003222BB3500009923B /* hackathon_v2Tests.swift in Sources */,
			);
			runOnlyForDeploymentPostprocessing = 0;
		};
		18E2C005222BB3500009923B /* Sources */ = {
			isa = PBXSourcesBuildPhase;
			buildActionMask = 2147483647;
			files = (
				18E2C00E222BB3500009923B /* hackathon_v2UITests.swift in Sources */,
			);
			runOnlyForDeploymentPostprocessing = 0;
		};
/* End PBXSourcesBuildPhase section */

/* Begin PBXTargetDependency section */
		18E2C000222BB3500009923B /* PBXTargetDependency */ = {
			isa = PBXTargetDependency;
			target = 18E2BFE7222BB34E0009923B /* hackathon v2 */;
			targetProxy = 18E2BFFF222BB3500009923B /* PBXContainerItemProxy */;
		};
		18E2C00B222BB3500009923B /* PBXTargetDependency */ = {
			isa = PBXTargetDependency;
			target = 18E2BFE7222BB34E0009923B /* hackathon v2 */;
			targetProxy = 18E2C00A222BB3500009923B /* PBXContainerItemProxy */;
		};
/* End PBXTargetDependency section */

/* Begin PBXVariantGroup section */
		18E2BFF1222BB34E0009923B /* Main.storyboard */ = {
			isa = PBXVariantGroup;
			children = (
				18E2BFF2222BB34E0009923B /* Base */,
			);
			name = Main.storyboard;
			sourceTree = "<group>";
		};
		18E2BFF6222BB3500009923B /* LaunchScreen.storyboard */ = {
			isa = PBXVariantGroup;
			children = (
				18E2BFF7222BB3500009923B /* Base */,
			);
			name = LaunchScreen.storyboard;
			sourceTree = "<group>";
		};
/* End PBXVariantGroup section */

/* Begin XCBuildConfiguration section */
		18E2C010222BB3500009923B /* Debug */ = {
			isa = XCBuildConfiguration;
			buildSettings = {
				ALWAYS_SEARCH_USER_PATHS = NO;
				CLANG_ANALYZER_NONNULL = YES;
				CLANG_ANALYZER_NUMBER_OBJECT_CONVERSION = YES_AGGRESSIVE;
				CLANG_CXX_LANGUAGE_STANDARD = "gnu++14";
				CLANG_CXX_LIBRARY = "libc++";
				CLANG_ENABLE_MODULES = YES;
				CLANG_ENABLE_OBJC_ARC = YES;
				CLANG_ENABLE_OBJC_WEAK = YES;
				CLANG_WARN_BLOCK_CAPTURE_AUTORELEASING = YES;
				CLANG_WARN_BOOL_CONVERSION = YES;
				CLANG_WARN_COMMA = YES;
				CLANG_WARN_CONSTANT_CONVERSION = YES;
				CLANG_WARN_DEPRECATED_OBJC_IMPLEMENTATIONS = YES;
				CLANG_WARN_DIRECT_OBJC_ISA_USAGE = YES_ERROR;
				CLANG_WARN_DOCUMENTATION_COMMENTS = YES;
				CLANG_WARN_EMPTY_BODY = YES;
				CLANG_WARN_ENUM_CONVERSION = YES;
				CLANG_WARN_INFINITE_RECURSION = YES;
				CLANG_WARN_INT_CONVERSION = YES;
				CLANG_WARN_NON_LITERAL_NULL_CONVERSION = YES;
				CLANG_WARN_OBJC_IMPLICIT_RETAIN_SELF = YES;
				CLANG_WARN_OBJC_LITERAL_CONVERSION = YES;
				CLANG_WARN_OBJC_ROOT_CLASS = YES_ERROR;
				CLANG_WARN_RANGE_LOOP_ANALYSIS = YES;
				CLANG_WARN_STRICT_PROTOTYPES = YES;
				CLANG_WARN_SUSPICIOUS_MOVE = YES;
				CLANG_WARN_UNGUARDED_AVAILABILITY = YES_AGGRESSIVE;
				CLANG_WARN_UNREACHABLE_CODE = YES;
				CLANG_WARN__DUPLICATE_METHOD_MATCH = YES;
				CODE_SIGN_IDENTITY = "iPhone Developer";
				COPY_PHASE_STRIP = NO;
				DEBUG_INFORMATION_FORMAT = dwarf;
				ENABLE_STRICT_OBJC_MSGSEND = YES;
				ENABLE_TESTABILITY = YES;
				GCC_C_LANGUAGE_STANDARD = gnu11;
				GCC_DYNAMIC_NO_PIC = NO;
				GCC_NO_COMMON_BLOCKS = YES;
				GCC_OPTIMIZATION_LEVEL = 0;
				GCC_PREPROCESSOR_DEFINITIONS = (
					"DEBUG=1",
					"$(inherited)",
				);
				GCC_WARN_64_TO_32_BIT_CONVERSION = YES;
				GCC_WARN_ABOUT_RETURN_TYPE = YES_ERROR;
				GCC_WARN_UNDECLARED_SELECTOR = YES;
				GCC_WARN_UNINITIALIZED_AUTOS = YES_AGGRESSIVE;
				GCC_WARN_UNUSED_FUNCTION = YES;
				GCC_WARN_UNUSED_VARIABLE = YES;
				IPHONEOS_DEPLOYMENT_TARGET = 12.1;
				MTL_ENABLE_DEBUG_INFO = INCLUDE_SOURCE;
				MTL_FAST_MATH = YES;
				ONLY_ACTIVE_ARCH = YES;
				SDKROOT = iphoneos;
				SWIFT_ACTIVE_COMPILATION_CONDITIONS = DEBUG;
				SWIFT_OPTIMIZATION_LEVEL = "-Onone";
			};
			name = Debug;
		};
		18E2C011222BB3500009923B /* Release */ = {
			isa = XCBuildConfiguration;
			buildSettings = {
				ALWAYS_SEARCH_USER_PATHS = NO;
				CLANG_ANALYZER_NONNULL = YES;
				CLANG_ANALYZER_NUMBER_OBJECT_CONVERSION = YES_AGGRESSIVE;
				CLANG_CXX_LANGUAGE_STANDARD = "gnu++14";
				CLANG_CXX_LIBRARY = "libc++";
				CLANG_ENABLE_MODULES = YES;
				CLANG_ENABLE_OBJC_ARC = YES;
				CLANG_ENABLE_OBJC_WEAK = YES;
				CLANG_WARN_BLOCK_CAPTURE_AUTORELEASING = YES;
				CLANG_WARN_BOOL_CONVERSION = YES;
				CLANG_WARN_COMMA = YES;
				CLANG_WARN_CONSTANT_CONVERSION = YES;
				CLANG_WARN_DEPRECATED_OBJC_IMPLEMENTATIONS = YES;
				CLANG_WARN_DIRECT_OBJC_ISA_USAGE = YES_ERROR;
				CLANG_WARN_DOCUMENTATION_COMMENTS = YES;
				CLANG_WARN_EMPTY_BODY = YES;
				CLANG_WARN_ENUM_CONVERSION = YES;
				CLANG_WARN_INFINITE_RECURSION = YES;
				CLANG_WARN_INT_CONVERSION = YES;
				CLANG_WARN_NON_LITERAL_NULL_CONVERSION = YES;
				CLANG_WARN_OBJC_IMPLICIT_RETAIN_SELF = YES;
				CLANG_WARN_OBJC_LITERAL_CONVERSION = YES;
				CLANG_WARN_OBJC_ROOT_CLASS = YES_ERROR;
				CLANG_WARN_RANGE_LOOP_ANALYSIS = YES;
				CLANG_WARN_STRICT_PROTOTYPES = YES;
				CLANG_WARN_SUSPICIOUS_MOVE = YES;
				CLANG_WARN_UNGUARDED_AVAILABILITY = YES_AGGRESSIVE;
				CLANG_WARN_UNREACHABLE_CODE = YES;
				CLANG_WARN__DUPLICATE_METHOD_MATCH = YES;
				CODE_SIGN_IDENTITY = "iPhone Developer";
				COPY_PHASE_STRIP = NO;
				DEBUG_INFORMATION_FORMAT = "dwarf-with-dsym";
				ENABLE_NS_ASSERTIONS = NO;
				ENABLE_STRICT_OBJC_MSGSEND = YES;
				GCC_C_LANGUAGE_STANDARD = gnu11;
				GCC_NO_COMMON_BLOCKS = YES;
				GCC_WARN_64_TO_32_BIT_CONVERSION = YES;
				GCC_WARN_ABOUT_RETURN_TYPE = YES_ERROR;
				GCC_WARN_UNDECLARED_SELECTOR = YES;
				GCC_WARN_UNINITIALIZED_AUTOS = YES_AGGRESSIVE;
				GCC_WARN_UNUSED_FUNCTION = YES;
				GCC_WARN_UNUSED_VARIABLE = YES;
				IPHONEOS_DEPLOYMENT_TARGET = 12.1;
				MTL_ENABLE_DEBUG_INFO = NO;
				MTL_FAST_MATH = YES;
				SDKROOT = iphoneos;
				SWIFT_COMPILATION_MODE = wholemodule;
				SWIFT_OPTIMIZATION_LEVEL = "-O";
				VALIDATE_PRODUCT = YES;
			};
			name = Release;
		};
		18E2C013222BB3500009923B /* Debug */ = {
			isa = XCBuildConfiguration;
			buildSettings = {
				ASSETCATALOG_COMPILER_APPICON_NAME = AppIcon;
				CODE_SIGN_STYLE = Automatic;
				INFOPLIST_FILE = "hackathon v2/Info.plist";
				LD_RUNPATH_SEARCH_PATHS = (
					"$(inherited)",
					"@executable_path/Frameworks",
				);
				PRODUCT_BUNDLE_IDENTIFIER = "Labwork-2.hackathon-v2";
				PRODUCT_NAME = "$(TARGET_NAME)";
				SWIFT_VERSION = 4.2;
				TARGETED_DEVICE_FAMILY = 1;
			};
			name = Debug;
		};
		18E2C014222BB3500009923B /* Release */ = {
			isa = XCBuildConfiguration;
			buildSettings = {
				ASSETCATALOG_COMPILER_APPICON_NAME = AppIcon;
				CODE_SIGN_STYLE = Automatic;
				INFOPLIST_FILE = "hackathon v2/Info.plist";
				LD_RUNPATH_SEARCH_PATHS = (
					"$(inherited)",
					"@executable_path/Frameworks",
				);
				PRODUCT_BUNDLE_IDENTIFIER = "Labwork-2.hackathon-v2";
				PRODUCT_NAME = "$(TARGET_NAME)";
				SWIFT_VERSION = 4.2;
				TARGETED_DEVICE_FAMILY = 1;
			};
			name = Release;
		};
		18E2C016222BB3500009923B /* Debug */ = {
			isa = XCBuildConfiguration;
			buildSettings = {
				ALWAYS_EMBED_SWIFT_STANDARD_LIBRARIES = YES;
				BUNDLE_LOADER = "$(TEST_HOST)";
				CODE_SIGN_STYLE = Automatic;
				INFOPLIST_FILE = "hackathon v2Tests/Info.plist";
				LD_RUNPATH_SEARCH_PATHS = (
					"$(inherited)",
					"@executable_path/Frameworks",
					"@loader_path/Frameworks",
				);
				PRODUCT_BUNDLE_IDENTIFIER = "Labwork-2.hackathon-v2Tests";
				PRODUCT_NAME = "$(TARGET_NAME)";
				SWIFT_VERSION = 4.2;
				TARGETED_DEVICE_FAMILY = "1,2";
				TEST_HOST = "$(BUILT_PRODUCTS_DIR)/hackathon v2.app/hackathon v2";
			};
			name = Debug;
		};
		18E2C017222BB3500009923B /* Release */ = {
			isa = XCBuildConfiguration;
			buildSettings = {
				ALWAYS_EMBED_SWIFT_STANDARD_LIBRARIES = YES;
				BUNDLE_LOADER = "$(TEST_HOST)";
				CODE_SIGN_STYLE = Automatic;
				INFOPLIST_FILE = "hackathon v2Tests/Info.plist";
				LD_RUNPATH_SEARCH_PATHS = (
					"$(inherited)",
					"@executable_path/Frameworks",
					"@loader_path/Frameworks",
				);
				PRODUCT_BUNDLE_IDENTIFIER = "Labwork-2.hackathon-v2Tests";
				PRODUCT_NAME = "$(TARGET_NAME)";
				SWIFT_VERSION = 4.2;
				TARGETED_DEVICE_FAMILY = "1,2";
				TEST_HOST = "$(BUILT_PRODUCTS_DIR)/hackathon v2.app/hackathon v2";
			};
			name = Release;
		};
		18E2C019222BB3500009923B /* Debug */ = {
			isa = XCBuildConfiguration;
			buildSettings = {
				ALWAYS_EMBED_SWIFT_STANDARD_LIBRARIES = YES;
				CODE_SIGN_STYLE = Automatic;
				INFOPLIST_FILE = "hackathon v2UITests/Info.plist";
				LD_RUNPATH_SEARCH_PATHS = (
					"$(inherited)",
					"@executable_path/Frameworks",
					"@loader_path/Frameworks",
				);
				PRODUCT_BUNDLE_IDENTIFIER = "Labwork-2.hackathon-v2UITests";
				PRODUCT_NAME = "$(TARGET_NAME)";
				SWIFT_VERSION = 4.2;
				TARGETED_DEVICE_FAMILY = "1,2";
				TEST_TARGET_NAME = "hackathon v2";
			};
			name = Debug;
		};
		18E2C01A222BB3500009923B /* Release */ = {
			isa = XCBuildConfiguration;
			buildSettings = {
				ALWAYS_EMBED_SWIFT_STANDARD_LIBRARIES = YES;
				CODE_SIGN_STYLE = Automatic;
				INFOPLIST_FILE = "hackathon v2UITests/Info.plist";
				LD_RUNPATH_SEARCH_PATHS = (
					"$(inherited)",
					"@executable_path/Frameworks",
					"@loader_path/Frameworks",
				);
				PRODUCT_BUNDLE_IDENTIFIER = "Labwork-2.hackathon-v2UITests";
				PRODUCT_NAME = "$(TARGET_NAME)";
				SWIFT_VERSION = 4.2;
				TARGETED_DEVICE_FAMILY = "1,2";
				TEST_TARGET_NAME = "hackathon v2";
			};
			name = Release;
		};
/* End XCBuildConfiguration section */

/* Begin XCConfigurationList section */
		18E2BFE3222BB34E0009923B /* Build configuration list for PBXProject "hackathon v2" */ = {
			isa = XCConfigurationList;
			buildConfigurations = (
				18E2C010222BB3500009923B /* Debug */,
				18E2C011222BB3500009923B /* Release */,
			);
			defaultConfigurationIsVisible = 0;
			defaultConfigurationName = Release;
		};
		18E2C012222BB3500009923B /* Build configuration list for PBXNativeTarget "hackathon v2" */ = {
			isa = XCConfigurationList;
			buildConfigurations = (
				18E2C013222BB3500009923B /* Debug */,
				18E2C014222BB3500009923B /* Release */,
			);
			defaultConfigurationIsVisible = 0;
			defaultConfigurationName = Release;
		};
		18E2C015222BB3500009923B /* Build configuration list for PBXNativeTarget "hackathon v2Tests" */ = {
			isa = XCConfigurationList;
			buildConfigurations = (
				18E2C016222BB3500009923B /* Debug */,
				18E2C017222BB3500009923B /* Release */,
			);
			defaultConfigurationIsVisible = 0;
			defaultConfigurationName = Release;
		};
		18E2C018222BB3500009923B /* Build configuration list for PBXNativeTarget "hackathon v2UITests" */ = {
			isa = XCConfigurationList;
			buildConfigurations = (
				18E2C019222BB3500009923B /* Debug */,
				18E2C01A222BB3500009923B /* Release */,
			);
			defaultConfigurationIsVisible = 0;
			defaultConfigurationName = Release;
		};
/* End XCConfigurationList section */
	};
	rootObject = 18E2BFE0222BB34E0009923B /* Project object */;
}
